
Microsoft Visual Studio Solution File, Format Version 11.00
# Visual Studio 2010
Project("{FAE04EC0-301F-11D3-BF4B-00C04F79EFBC}") = "BIM-ISO8583.NET", "BIM-ISO8583.NET\BIM-ISO8583.NET.csproj", "{448A26F0-C87F-4390-A6B8-EFA3835D837B}"
EndProject
Global
	GlobalSection(SolutionConfigurationPlatforms) = preSolution
		Debug|Any CPU = Debug|Any CPU
		Release|Any CPU = Release|Any CPU
	EndGlobalSection
	GlobalSection(ProjectConfigurationPlatforms) = postSolution
		{448A26F0-C87F-4390-A6B8-EFA3835D837B}.Debug|Any CPU.ActiveCfg = Debug|Any CPU
		{448A26F0-C87F-4390-A6B8-EFA3835D837B}.Debug|Any CPU.Build.0 = Debug|Any CPU
		{448A26F0-C87F-4390-A6B8-EFA3835D837B}.Release|Any CPU.ActiveCfg = Release|Any CPU
		{448A26F0-C87F-4390-A6B8-EFA3835D837B}.Release|Any CPU.Build.0 = Release|Any CPU
	EndGlobalSection
	GlobalSection(SolutionProperties) = preSolution
		HideSolutionNode = FALSE
	EndGlobalSection
EndGlobal
